// !$*UTF8*$!
{
	archiveVersion = 1;
	classes = {
	};
	objectVersion = 48;
	objects = {

/* Begin PBXBuildFile section */
		C37CAD8420D7768400A3917B /* PlayingCardView.swift in Sources */ = {isa = PBXBuildFile; fileRef = C37CAD8320D7768400A3917B /* PlayingCardView.swift */; };
		C38AA74620D6AECD0051D9C8 /* AppDelegate.swift in Sources */ = {isa = PBXBuildFile; fileRef = C38AA74520D6AECD0051D9C8 /* AppDelegate.swift */; };
		C38AA74820D6AECD0051D9C8 /* ViewController.swift in Sources */ = {isa = PBXBuildFile; fileRef = C38AA74720D6AECD0051D9C8 /* ViewController.swift */; };
		C38AA74B20D6AECD0051D9C8 /* Main.storyboard in Resources */ = {isa = PBXBuildFile; fileRef = C38AA74920D6AECD0051D9C8 /* Main.storyboard */; };
		C38AA74D20D6AECD0051D9C8 /* Assets.xcassets in Resources */ = {isa = PBXBuildFile; fileRef = C38AA74C20D6AECD0051D9C8 /* Assets.xcassets */; };
		C38AA75020D6AECD0051D9C8 /* LaunchScreen.storyboard in Resources */ = {isa = PBXBuildFile; fileRef = C38AA74E20D6AECD0051D9C8 /* LaunchScreen.storyboard */; };
		C38AA75920D6B58D0051D9C8 /* PlayingCard.swift in Sources */ = {isa = PBXBuildFile; fileRef = C38AA75820D6B58D0051D9C8 /* PlayingCard.swift */; };
		C38AA75B20D6C6D00051D9C8 /* PlayingCardDeck.swift in Sources */ = {isa = PBXBuildFile; fileRef = C38AA75A20D6C6D00051D9C8 /* PlayingCardDeck.swift */; };
/* End PBXBuildFile section */

/* Begin PBXFileReference section */
		C37CAD8320D7768400A3917B /* PlayingCardView.swift */ = {isa = PBXFileReference; lastKnownFileType = sourcecode.swift; path = PlayingCardView.swift; sourceTree = "<group>"; };
		C38AA74220D6AECD0051D9C8 /* PlayingCard.app */ = {isa = PBXFileReference; explicitFileType = wrapper.application; includeInIndex = 0; path = PlayingCard.app; sourceTree = BUILT_PRODUCTS_DIR; };
		C38AA74520D6AECD0051D9C8 /* AppDelegate.swift */ = {isa = PBXFileReference; lastKnownFileType = sourcecode.swift; path = AppDelegate.swift; sourceTree = "<group>"; };
		C38AA74720D6AECD0051D9C8 /* ViewController.swift */ = {isa = PBXFileReference; lastKnownFileType = sourcecode.swift; path = ViewController.swift; sourceTree = "<group>"; };
		C38AA74A20D6AECD0051D9C8 /* Base */ = {isa = PBXFileReference; lastKnownFileType = file.storyboard; name = Base; path = Base.lproj/Main.storyboard; sourceTree = "<group>"; };
		C38AA74C20D6AECD0051D9C8 /* Assets.xcassets */ = {isa = PBXFileReference; lastKnownFileType = folder.assetcatalog; path = Assets.xcassets; sourceTree = "<group>"; };
		C38AA74F20D6AECD0051D9C8 /* Base */ = {isa = PBXFileReference; lastKnownFileType = file.storyboard; name = Base; path = Base.lproj/LaunchScreen.storyboard; sourceTree = "<group>"; };
		C38AA75120D6AECD0051D9C8 /* Info.plist */ = {isa = PBXFileReference; lastKnownFileType = text.plist.xml; path = Info.plist; sourceTree = "<group>"; };
		C38AA75820D6B58D0051D9C8 /* PlayingCard.swift */ = {isa = PBXFileReference; lastKnownFileType = sourcecode.swift; path = PlayingCard.swift; sourceTree = "<group>"; };
		C38AA75A20D6C6D00051D9C8 /* PlayingCardDeck.swift */ = {isa = PBXFileReference; lastKnownFileType = sourcecode.swift; path = PlayingCardDeck.swift; sourceTree = "<group>"; };
/* End PBXFileReference section */

/* Begin PBXFrameworksBuildPhase section */
		C38AA73F20D6AECD0051D9C8 /* Frameworks */ = {
			isa = PBXFrameworksBuildPhase;
			buildActionMask = 2147483647;
			files = (
			);
			runOnlyForDeploymentPostprocessing = 0;
		};
/* End PBXFrameworksBuildPhase section */

/* Begin PBXGroup section */
		C38AA73920D6AECD0051D9C8 = {
			isa = PBXGroup;
			children = (
				C38AA74420D6AECD0051D9C8 /* PlayingCard */,
				C38AA74320D6AECD0051D9C8 /* Products */,
			);
			sourceTree = "<group>";
		};
		C38AA74320D6AECD0051D9C8 /* Products */ = {
			isa = PBXGroup;
			children = (
				C38AA74220D6AECD0051D9C8 /* PlayingCard.app */,
			);
			name = Products;
			sourceTree = "<group>";
		};
		C38AA74420D6AECD0051D9C8 /* PlayingCard */ = {
			isa = PBXGroup;
			children = (
				C38AA75720D6AF2D0051D9C8 /* Supporting Files */,
				C38AA74720D6AECD0051D9C8 /* ViewController.swift */,
				C37CAD8320D7768400A3917B /* PlayingCardView.swift */,
				C38AA74920D6AECD0051D9C8 /* Main.storyboard */,
				C38AA74C20D6AECD0051D9C8 /* Assets.xcassets */,
				C38AA75120D6AECD0051D9C8 /* Info.plist */,
				C38AA75820D6B58D0051D9C8 /* PlayingCard.swift */,
				C38AA75A20D6C6D00051D9C8 /* PlayingCardDeck.swift */,
			);
			path = PlayingCard;
			sourceTree = "<group>";
		};
		C38AA75720D6AF2D0051D9C8 /* Supporting Files */ = {
			isa = PBXGroup;
			children = (
				C38AA74520D6AECD0051D9C8 /* AppDelegate.swift */,
				C38AA74E20D6AECD0051D9C8 /* LaunchScreen.storyboard */,
			);
			path = "Supporting Files";
			sourceTree = "<group>";
		};
/* End PBXGroup section */

/* Begin PBXNativeTarget section */
		C38AA74120D6AECD0051D9C8 /* PlayingCard */ = {
			isa = PBXNativeTarget;
			buildConfigurationList = C38AA75420D6AECD0051D9C8 /* Build configuration list for PBXNativeTarget "PlayingCard" */;
			buildPhases = (
				C38AA73E20D6AECD0051D9C8 /* Sources */,
				C38AA73F20D6AECD0051D9C8 /* Frameworks */,
				C38AA74020D6AECD0051D9C8 /* Resources */,
			);
			buildRules = (
			);
			dependencies = (
			);
			name = PlayingCard;
			productName = PlayingCard;
			productReference = C38AA74220D6AECD0051D9C8 /* PlayingCard.app */;
			productType = "com.apple.product-type.application";
		};
/* End PBXNativeTarget section */

/* Begin PBXProject section */
		C38AA73A20D6AECD0051D9C8 /* Project object */ = {
			isa = PBXProject;
			attributes = {
				LastSwiftUpdateCheck = 0920;
				LastUpgradeCheck = 0920;
				ORGANIZATIONNAME = "Vasanthakumar Annadurai";
				TargetAttributes = {
					C38AA74120D6AECD0051D9C8 = {
						CreatedOnToolsVersion = 9.2;
						ProvisioningStyle = Automatic;
					};
				};
			};
			buildConfigurationList = C38AA73D20D6AECD0051D9C8 /* Build configuration list for PBXProject "PlayingCard" */;
			compatibilityVersion = "Xcode 8.0";
			developmentRegion = en;
			hasScannedForEncodings = 0;
			knownRegions = (
				en,
				Base,
			);
			mainGroup = C38AA73920D6AECD0051D9C8;
			productRefGroup = C38AA74320D6AECD0051D9C8 /* Products */;
			projectDirPath = "";
			projectRoot = "";
			targets = (
				C38AA74120D6AECD0051D9C8 /* PlayingCard */,
			);
		};
/* End PBXProject section */

/* Begin PBXResourcesBuildPhase section */
		C38AA74020D6AECD0051D9C8 /* Resources */ = {
			isa = PBXResourcesBuildPhase;
			buildActionMask = 2147483647;
			files = (
				C38AA75020D6AECD0051D9C8 /* LaunchScreen.storyboard in Resources */,
				C38AA74D20D6AECD0051D9C8 /* Assets.xcassets in Resources */,
				C38AA74B20D6AECD0051D9C8 /* Main.storyboard in Resources */,
			);
			runOnlyForDeploymentPostprocessing = 0;
		};
/* End PBXResourcesBuildPhase section */

/* Begin PBXSourcesBuildPhase section */
		C38AA73E20D6AECD0051D9C8 /* Sources */ = {
			isa = PBXSourcesBuildPhase;
			buildActionMask = 2147483647;
			files = (
				C38AA74820D6AECD0051D9C8 /* ViewController.swift in Sources */,
				C38AA75B20D6C6D00051D9C8 /* PlayingCardDeck.swift in Sources */,
				C38AA75920D6B58D0051D9C8 /* PlayingCard.swift in Sources */,
				C37CAD8420D7768400A3917B /* PlayingCardView.swift in Sources */,
				C38AA74620D6AECD0051D9C8 /* AppDelegate.swift in Sources */,
			);
			runOnlyForDeploymentPostprocessing = 0;
		};
/* End PBXSourcesBuildPhase section */

/* Begin PBXVariantGroup section */
		C38AA74920D6AECD0051D9C8 /* Main.storyboard */ = {
			isa = PBXVariantGroup;
			children = (
				C38AA74A20D6AECD0051D9C8 /* Base */,
			);
			name = Main.storyboard;
			sourceTree = "<group>";
		};
		C38AA74E20D6AECD0051D9C8 /* LaunchScreen.storyboard */ = {
			isa = PBXVariantGroup;
			children = (
				C38AA74F20D6AECD0051D9C8 /* Base */,
			);
			name = LaunchScreen.storyboard;
			sourceTree = "<group>";
		};
/* End PBXVariantGroup section */

/* Begin XCBuildConfiguration section */
		C38AA75220D6AECD0051D9C8 /* Debug */ = {
			isa = XCBuildConfiguration;
			buildSettings = {
				ALWAYS_SEARCH_USER_PATHS = NO;
				CLANG_ANALYZER_NONNULL = YES;
				CLANG_ANALYZER_NUMBER_OBJECT_CONVERSION = YES_AGGRESSIVE;
				CLANG_CXX_LANGUAGE_STANDARD = "gnu++14";
				CLANG_CXX_LIBRARY = "libc++";
				CLANG_ENABLE_MODULES = YES;
				CLANG_ENABLE_OBJC_ARC = YES;
				CLANG_WARN_BLOCK_CAPTURE_AUTORELEASING = YES;
				CLANG_WARN_BOOL_CONVERSION = YES;
				CLANG_WARN_COMMA = YES;
				CLANG_WARN_CONSTANT_CONVERSION = YES;
				CLANG_WARN_DIRECT_OBJC_ISA_USAGE = YES_ERROR;
				CLANG_WARN_DOCUMENTATION_COMMENTS = YES;
				CLANG_WARN_EMPTY_BODY = YES;
				CLANG_WARN_ENUM_CONVERSION = YES;
				CLANG_WARN_INFINITE_RECURSION = YES;
				CLANG_WARN_INT_CONVERSION = YES;
				CLANG_WARN_NON_LITERAL_NULL_CONVERSION = YES;
				CLANG_WARN_OBJC_LITERAL_CONVERSION = YES;
				CLANG_WARN_OBJC_ROOT_CLASS = YES_ERROR;
				CLANG_WARN_RANGE_LOOP_ANALYSIS = YES;
				CLANG_WARN_STRICT_PROTOTYPES = YES;
				CLANG_WARN_SUSPICIOUS_MOVE = YES;
				CLANG_WARN_UNGUARDED_AVAILABILITY = YES_AGGRESSIVE;
				CLANG_WARN_UNREACHABLE_CODE = YES;
				CLANG_WARN__DUPLICATE_METHOD_MATCH = YES;
				CODE_SIGN_IDENTITY = "iPhone Developer";
				COPY_PHASE_STRIP = NO;
				DEBUG_INFORMATION_FORMAT = dwarf;
				ENABLE_STRICT_OBJC_MSGSEND = YES;
				ENABLE_TESTABILITY = YES;
				GCC_C_LANGUAGE_STANDARD = gnu11;
				GCC_DYNAMIC_NO_PIC = NO;
				GCC_NO_COMMON_BLOCKS = YES;
				GCC_OPTIMIZATION_LEVEL = 0;
				GCC_PREPROCESSOR_DEFINITIONS = (
					"DEBUG=1",
					"$(inherited)",
				);
				GCC_WARN_64_TO_32_BIT_CONVERSION = YES;
				GCC_WARN_ABOUT_RETURN_TYPE = YES_ERROR;
				GCC_WARN_UNDECLARED_SELECTOR = YES;
				GCC_WARN_UNINITIALIZED_AUTOS = YES_AGGRESSIVE;
				GCC_WARN_UNUSED_FUNCTION = YES;
				GCC_WARN_UNUSED_VARIABLE = YES;
				IPHONEOS_DEPLOYMENT_TARGET = 11.2;
				MTL_ENABLE_DEBUG_INFO = YES;
				ONLY_ACTIVE_ARCH = YES;
				SDKROOT = iphoneos;
				SWIFT_ACTIVE_COMPILATION_CONDITIONS = DEBUG;
				SWIFT_OPTIMIZATION_LEVEL = "-Onone";
			};
			name = Debug;
		};
		C38AA75320D6AECD0051D9C8 /* Release */ = {
			isa = XCBuildConfiguration;
			buildSettings = {
				ALWAYS_SEARCH_USER_PATHS = NO;
				CLANG_ANALYZER_NONNULL = YES;
				CLANG_ANALYZER_NUMBER_OBJECT_CONVERSION = YES_AGGRESSIVE;
				CLANG_CXX_LANGUAGE_STANDARD = "gnu++14";
				CLANG_CXX_LIBRARY = "libc++";
				CLANG_ENABLE_MODULES = YES;
				CLANG_ENABLE_OBJC_ARC = YES;
				CLANG_WARN_BLOCK_CAPTURE_AUTORELEASING = YES;
				CLANG_WARN_BOOL_CONVERSION = YES;
				CLANG_WARN_COMMA = YES;
				CLANG_WARN_CONSTANT_CONVERSION = YES;
				CLANG_WARN_DIRECT_OBJC_ISA_USAGE = YES_ERROR;
				CLANG_WARN_DOCUMENTATION_COMMENTS = YES;
				CLANG_WARN_EMPTY_BODY = YES;
				CLANG_WARN_ENUM_CONVERSION = YES;
				CLANG_WARN_INFINITE_RECURSION = YES;
				CLANG_WARN_INT_CONVERSION = YES;
				CLANG_WARN_NON_LITERAL_NULL_CONVERSION = YES;
				CLANG_WARN_OBJC_LITERAL_CONVERSION = YES;
				CLANG_WARN_OBJC_ROOT_CLASS = YES_ERROR;
				CLANG_WARN_RANGE_LOOP_ANALYSIS = YES;
				CLANG_WARN_STRICT_PROTOTYPES = YES;
				CLANG_WARN_SUSPICIOUS_MOVE = YES;
				CLANG_WARN_UNGUARDED_AVAILABILITY = YES_AGGRESSIVE;
				CLANG_WARN_UNREACHABLE_CODE = YES;
				CLANG_WARN__DUPLICATE_METHOD_MATCH = YES;
				CODE_SIGN_IDENTITY = "iPhone Developer";
				COPY_PHASE_STRIP = NO;
				DEBUG_INFORMATION_FORMAT = "dwarf-with-dsym";
				ENABLE_NS_ASSERTIONS = NO;
				ENABLE_STRICT_OBJC_MSGSEND = YES;
				GCC_C_LANGUAGE_STANDARD = gnu11;
				GCC_NO_COMMON_BLOCKS = YES;
				GCC_WARN_64_TO_32_BIT_CONVERSION = YES;
				GCC_WARN_ABOUT_RETURN_TYPE = YES_ERROR;
				GCC_WARN_UNDECLARED_SELECTOR = YES;
				GCC_WARN_UNINITIALIZED_AUTOS = YES_AGGRESSIVE;
				GCC_WARN_UNUSED_FUNCTION = YES;
				GCC_WARN_UNUSED_VARIABLE = YES;
				IPHONEOS_DEPLOYMENT_TARGET = 11.2;
				MTL_ENABLE_DEBUG_INFO = NO;
				SDKROOT = iphoneos;
				SWIFT_OPTIMIZATION_LEVEL = "-Owholemodule";
				VALIDATE_PRODUCT = YES;
			};
			name = Release;
		};
		C38AA75520D6AECD0051D9C8 /* Debug */ = {
			isa = XCBuildConfiguration;
			buildSettings = {
				ASSETCATALOG_COMPILER_APPICON_NAME = AppIcon;
				CODE_SIGN_STYLE = Automatic;
				DEVELOPMENT_TEAM = FZY9HPGWFV;
				INFOPLIST_FILE = PlayingCard/Info.plist;
				LD_RUNPATH_SEARCH_PATHS = "$(inherited) @executable_path/Frameworks";
				PRODUCT_BUNDLE_IDENTIFIER = com.vasanth.PlayingCard;
				PRODUCT_NAME = "$(TARGET_NAME)";
				SWIFT_VERSION = 4.0;
				TARGETED_DEVICE_FAMILY = "1,2";
			};
			name = Debug;
		};
		C38AA75620D6AECD0051D9C8 /* Release */ = {
			isa = XCBuildConfiguration;
			buildSettings = {
				ASSETCATALOG_COMPILER_APPICON_NAME = AppIcon;
				CODE_SIGN_STYLE = Automatic;
				DEVELOPMENT_TEAM = FZY9HPGWFV;
				INFOPLIST_FILE = PlayingCard/Info.plist;
				LD_RUNPATH_SEARCH_PATHS = "$(inherited) @executable_path/Frameworks";
				PRODUCT_BUNDLE_IDENTIFIER = com.vasanth.PlayingCard;
				PRODUCT_NAME = "$(TARGET_NAME)";
				SWIFT_VERSION = 4.0;
				TARGETED_DEVICE_FAMILY = "1,2";
			};
			name = Release;
		};
/* End XCBuildConfiguration section */

/* Begin XCConfigurationList section */
		C38AA73D20D6AECD0051D9C8 /* Build configuration list for PBXProject "PlayingCard" */ = {
			isa = XCConfigurationList;
			buildConfigurations = (
				C38AA75220D6AECD0051D9C8 /* Debug */,
				C38AA75320D6AECD0051D9C8 /* Release */,
			);
			defaultConfigurationIsVisible = 0;
			defaultConfigurationName = Release;
		};
		C38AA75420D6AECD0051D9C8 /* Build configuration list for PBXNativeTarget "PlayingCard" */ = {
			isa = XCConfigurationList;
			buildConfigurations = (
				C38AA75520D6AECD0051D9C8 /* Debug */,
				C38AA75620D6AECD0051D9C8 /* Release */,
			);
			defaultConfigurationIsVisible = 0;
			defaultConfigurationName = Release;
		};
/* End XCConfigurationList section */
	};
	rootObject = C38AA73A20D6AECD0051D9C8 /* Project object */;
}
